
Microsoft Visual Studio Solution File, Format Version 12.00
# Visual Studio Version 17
VisualStudioVersion = 17.9.34616.47
MinimumVisualStudioVersion = 10.0.40219.1
Project("{FAE04EC0-301F-11D3-BF4B-00C04F79EFBC}") = "FinalTask", "FinalTask\FinalTask.csproj", "{DFAB4CEC-23A9-411B-83C5-A42130664282}"
EndProject
Global
	GlobalSection(SolutionConfigurationPlatforms) = preSolution
		Debug|Any CPU = Debug|Any CPU
		Release|Any CPU = Release|Any CPU
	EndGlobalSection
	GlobalSection(ProjectConfigurationPlatforms) = postSolution
		{DFAB4CEC-23A9-411B-83C5-A42130664282}.Debug|Any CPU.ActiveCfg = Debug|Any CPU
		{DFAB4CEC-23A9-411B-83C5-A42130664282}.Debug|Any CPU.Build.0 = Debug|Any CPU
		{DFAB4CEC-23A9-411B-83C5-A42130664282}.Release|Any CPU.ActiveCfg = Release|Any CPU
		{DFAB4CEC-23A9-411B-83C5-A42130664282}.Release|Any CPU.Build.0 = Release|Any CPU
	EndGlobalSection
	GlobalSection(SolutionProperties) = preSolution
		HideSolutionNode = FALSE
	EndGlobalSection
	GlobalSection(ExtensibilityGlobals) = postSolution
		SolutionGuid = {FD4CF6DC-9AE4-4D94-99A5-749E690A30B2}
	EndGlobalSection
EndGlobal
